
Microsoft Visual Studio Solution File, Format Version 12.00
# Visual Studio Version 16
VisualStudioVersion = 16.0.30804.86
MinimumVisualStudioVersion = 10.0.40219.1
Project("{FAE04EC0-301F-11D3-BF4B-00C04F79EFBC}") = "MantisTests", "MantisTests\MantisTests.csproj", "{986F0879-6446-4C7C-A78C-6EB494511642}"
EndProject
Project("{FAE04EC0-301F-11D3-BF4B-00C04F79EFBC}") = "SeleniumInfra", "SeleniumInfra\SeleniumInfra.csproj", "{8BC32901-AA98-488F-B552-1C55AF4F229B}"
EndProject
Global
	GlobalSection(SolutionConfigurationPlatforms) = preSolution
		Debug|Any CPU = Debug|Any CPU
		Release|Any CPU = Release|Any CPU
	EndGlobalSection
	GlobalSection(ProjectConfigurationPlatforms) = postSolution
		{986F0879-6446-4C7C-A78C-6EB494511642}.Debug|Any CPU.ActiveCfg = Debug|Any CPU
		{986F0879-6446-4C7C-A78C-6EB494511642}.Debug|Any CPU.Build.0 = Debug|Any CPU
		{986F0879-6446-4C7C-A78C-6EB494511642}.Release|Any CPU.ActiveCfg = Release|Any CPU
		{986F0879-6446-4C7C-A78C-6EB494511642}.Release|Any CPU.Build.0 = Release|Any CPU
		{8BC32901-AA98-488F-B552-1C55AF4F229B}.Debug|Any CPU.ActiveCfg = Debug|Any CPU
		{8BC32901-AA98-488F-B552-1C55AF4F229B}.Debug|Any CPU.Build.0 = Debug|Any CPU
		{8BC32901-AA98-488F-B552-1C55AF4F229B}.Release|Any CPU.ActiveCfg = Release|Any CPU
		{8BC32901-AA98-488F-B552-1C55AF4F229B}.Release|Any CPU.Build.0 = Release|Any CPU
	EndGlobalSection
	GlobalSection(SolutionProperties) = preSolution
		HideSolutionNode = FALSE
	EndGlobalSection
	GlobalSection(ExtensibilityGlobals) = postSolution
		SolutionGuid = {DD41D896-C969-48FC-A931-34ACD1FFAA7F}
	EndGlobalSection
EndGlobal
